
Microsoft Visual Studio Solution File, Format Version 12.00
# Visual Studio Version 16
VisualStudioVersion = 16.0.29215.179
MinimumVisualStudioVersion = 10.0.40219.1
Project("{FAE04EC0-301F-11D3-BF4B-00C04F79EFBC}") = "App1.Android", "App1.Android\App1.Android.csproj", "{7A7814EF-6661-481A-A6EF-4BB138A64A0B}"
EndProject
Project("{FAE04EC0-301F-11D3-BF4B-00C04F79EFBC}") = "App1.iOS", "App1.iOS\App1.iOS.csproj", "{F3CF2A1E-B109-4DDE-AC0E-46D1690B1A97}"
EndProject
Project("{FAE04EC0-301F-11D3-BF4B-00C04F79EFBC}") = "App1", "App1\App1.csproj", "{B97913C9-6C8B-4C5B-833A-C775EFC20CB0}"
EndProject
Global
	GlobalSection(SolutionConfigurationPlatforms) = preSolution
		Debug|Any CPU = Debug|Any CPU
		Debug|iPhone = Debug|iPhone
		Debug|iPhoneSimulator = Debug|iPhoneSimulator
		Release|Any CPU = Release|Any CPU
		Release|iPhone = Release|iPhone
		Release|iPhoneSimulator = Release|iPhoneSimulator
	EndGlobalSection
	GlobalSection(ProjectConfigurationPlatforms) = postSolution
		{7A7814EF-6661-481A-A6EF-4BB138A64A0B}.Debug|Any CPU.ActiveCfg = Debug|Any CPU
		{7A7814EF-6661-481A-A6EF-4BB138A64A0B}.Debug|Any CPU.Build.0 = Debug|Any CPU
		{7A7814EF-6661-481A-A6EF-4BB138A64A0B}.Debug|Any CPU.Deploy.0 = Debug|Any CPU
		{7A7814EF-6661-481A-A6EF-4BB138A64A0B}.Debug|iPhone.ActiveCfg = Debug|Any CPU
		{7A7814EF-6661-481A-A6EF-4BB138A64A0B}.Debug|iPhone.Build.0 = Debug|Any CPU
		{7A7814EF-6661-481A-A6EF-4BB138A64A0B}.Debug|iPhone.Deploy.0 = Debug|Any CPU
		{7A7814EF-6661-481A-A6EF-4BB138A64A0B}.Debug|iPhoneSimulator.ActiveCfg = Debug|Any CPU
		{7A7814EF-6661-481A-A6EF-4BB138A64A0B}.Debug|iPhoneSimulator.Build.0 = Debug|Any CPU
		{7A7814EF-6661-481A-A6EF-4BB138A64A0B}.Debug|iPhoneSimulator.Deploy.0 = Debug|Any CPU
		{7A7814EF-6661-481A-A6EF-4BB138A64A0B}.Release|Any CPU.ActiveCfg = Release|Any CPU
		{7A7814EF-6661-481A-A6EF-4BB138A64A0B}.Release|Any CPU.Build.0 = Release|Any CPU
		{7A7814EF-6661-481A-A6EF-4BB138A64A0B}.Release|Any CPU.Deploy.0 = Release|Any CPU
		{7A7814EF-6661-481A-A6EF-4BB138A64A0B}.Release|iPhone.ActiveCfg = Release|Any CPU
		{7A7814EF-6661-481A-A6EF-4BB138A64A0B}.Release|iPhone.Build.0 = Release|Any CPU
		{7A7814EF-6661-481A-A6EF-4BB138A64A0B}.Release|iPhone.Deploy.0 = Release|Any CPU
		{7A7814EF-6661-481A-A6EF-4BB138A64A0B}.Release|iPhoneSimulator.ActiveCfg = Release|Any CPU
		{7A7814EF-6661-481A-A6EF-4BB138A64A0B}.Release|iPhoneSimulator.Build.0 = Release|Any CPU
		{7A7814EF-6661-481A-A6EF-4BB138A64A0B}.Release|iPhoneSimulator.Deploy.0 = Release|Any CPU
		{F3CF2A1E-B109-4DDE-AC0E-46D1690B1A97}.Debug|Any CPU.ActiveCfg = Debug|iPhoneSimulator
		{F3CF2A1E-B109-4DDE-AC0E-46D1690B1A97}.Debug|Any CPU.Build.0 = Debug|iPhoneSimulator
		{F3CF2A1E-B109-4DDE-AC0E-46D1690B1A97}.Debug|Any CPU.Deploy.0 = Debug|iPhoneSimulator
		{F3CF2A1E-B109-4DDE-AC0E-46D1690B1A97}.Debug|iPhone.ActiveCfg = Debug|iPhone
		{F3CF2A1E-B109-4DDE-AC0E-46D1690B1A97}.Debug|iPhone.Build.0 = Debug|iPhone
		{F3CF2A1E-B109-4DDE-AC0E-46D1690B1A97}.Debug|iPhone.Deploy.0 = Debug|iPhone
		{F3CF2A1E-B109-4DDE-AC0E-46D1690B1A97}.Debug|iPhoneSimulator.ActiveCfg = Debug|iPhoneSimulator
		{F3CF2A1E-B109-4DDE-AC0E-46D1690B1A97}.Debug|iPhoneSimulator.Build.0 = Debug|iPhoneSimulator
		{F3CF2A1E-B109-4DDE-AC0E-46D1690B1A97}.Debug|iPhoneSimulator.Deploy.0 = Debug|iPhoneSimulator
		{F3CF2A1E-B109-4DDE-AC0E-46D1690B1A97}.Release|Any CPU.ActiveCfg = Release|iPhone
		{F3CF2A1E-B109-4DDE-AC0E-46D1690B1A97}.Release|Any CPU.Build.0 = Release|iPhone
		{F3CF2A1E-B109-4DDE-AC0E-46D1690B1A97}.Release|Any CPU.Deploy.0 = Release|iPhone
		{F3CF2A1E-B109-4DDE-AC0E-46D1690B1A97}.Release|iPhone.ActiveCfg = Release|iPhone
		{F3CF2A1E-B109-4DDE-AC0E-46D1690B1A97}.Release|iPhone.Build.0 = Release|iPhone
		{F3CF2A1E-B109-4DDE-AC0E-46D1690B1A97}.Release|iPhone.Deploy.0 = Release|iPhone
		{F3CF2A1E-B109-4DDE-AC0E-46D1690B1A97}.Release|iPhoneSimulator.ActiveCfg = Release|iPhoneSimulator
		{F3CF2A1E-B109-4DDE-AC0E-46D1690B1A97}.Release|iPhoneSimulator.Build.0 = Release|iPhoneSimulator
		{F3CF2A1E-B109-4DDE-AC0E-46D1690B1A97}.Release|iPhoneSimulator.Deploy.0 = Release|iPhoneSimulator
		{B97913C9-6C8B-4C5B-833A-C775EFC20CB0}.Debug|Any CPU.ActiveCfg = Debug|Any CPU
		{B97913C9-6C8B-4C5B-833A-C775EFC20CB0}.Debug|Any CPU.Build.0 = Debug|Any CPU
		{B97913C9-6C8B-4C5B-833A-C775EFC20CB0}.Debug|Any CPU.Deploy.0 = Debug|Any CPU
		{B97913C9-6C8B-4C5B-833A-C775EFC20CB0}.Debug|iPhone.ActiveCfg = Debug|Any CPU
		{B97913C9-6C8B-4C5B-833A-C775EFC20CB0}.Debug|iPhone.Build.0 = Debug|Any CPU
		{B97913C9-6C8B-4C5B-833A-C775EFC20CB0}.Debug|iPhone.Deploy.0 = Debug|Any CPU
		{B97913C9-6C8B-4C5B-833A-C775EFC20CB0}.Debug|iPhoneSimulator.ActiveCfg = Debug|Any CPU
		{B97913C9-6C8B-4C5B-833A-C775EFC20CB0}.Debug|iPhoneSimulator.Build.0 = Debug|Any CPU
		{B97913C9-6C8B-4C5B-833A-C775EFC20CB0}.Debug|iPhoneSimulator.Deploy.0 = Debug|Any CPU
		{B97913C9-6C8B-4C5B-833A-C775EFC20CB0}.Release|Any CPU.ActiveCfg = Release|Any CPU
		{B97913C9-6C8B-4C5B-833A-C775EFC20CB0}.Release|Any CPU.Build.0 = Release|Any CPU
		{B97913C9-6C8B-4C5B-833A-C775EFC20CB0}.Release|Any CPU.Deploy.0 = Release|Any CPU
		{B97913C9-6C8B-4C5B-833A-C775EFC20CB0}.Release|iPhone.ActiveCfg = Release|Any CPU
		{B97913C9-6C8B-4C5B-833A-C775EFC20CB0}.Release|iPhone.Build.0 = Release|Any CPU
		{B97913C9-6C8B-4C5B-833A-C775EFC20CB0}.Release|iPhone.Deploy.0 = Release|Any CPU
		{B97913C9-6C8B-4C5B-833A-C775EFC20CB0}.Release|iPhoneSimulator.ActiveCfg = Release|Any CPU
		{B97913C9-6C8B-4C5B-833A-C775EFC20CB0}.Release|iPhoneSimulator.Build.0 = Release|Any CPU
		{B97913C9-6C8B-4C5B-833A-C775EFC20CB0}.Release|iPhoneSimulator.Deploy.0 = Release|Any CPU
	EndGlobalSection
	GlobalSection(SolutionProperties) = preSolution
		HideSolutionNode = FALSE
	EndGlobalSection
	GlobalSection(ExtensibilityGlobals) = postSolution
		SolutionGuid = {FE1087E9-BE5F-4AF0-8514-6002F215DDBA}
	EndGlobalSection
EndGlobal
